Microsoft Visual Studio Solution File, Format Version 12.00
# Visual Studio Version 17
VisualStudioVersion = 17.5.2.0
MinimumVisualStudioVersion = 10.0.40219.1
Project("{FAE04EC0-301F-11D3-BF4B-00C04F79EFBC}") = "Chess DB V2", "Chess DB V2\Chess DB V2.csproj", "{9485FB94-838C-B4E6-D830-2858DF49A2A1}"
EndProject
Global
	GlobalSection(SolutionConfigurationPlatforms) = preSolution
		Debug|Any CPU = Debug|Any CPU
		Release|Any CPU = Release|Any CPU
	EndGlobalSection
	GlobalSection(ProjectConfigurationPlatforms) = postSolution
		{9485FB94-838C-B4E6-D830-2858DF49A2A1}.Debug|Any CPU.ActiveCfg = Debug|Any CPU
		{9485FB94-838C-B4E6-D830-2858DF49A2A1}.Debug|Any CPU.Build.0 = Debug|Any CPU
		{9485FB94-838C-B4E6-D830-2858DF49A2A1}.Release|Any CPU.ActiveCfg = Release|Any CPU
		{9485FB94-838C-B4E6-D830-2858DF49A2A1}.Release|Any CPU.Build.0 = Release|Any CPU
	EndGlobalSection
	GlobalSection(SolutionProperties) = preSolution
		HideSolutionNode = FALSE
	EndGlobalSection
	GlobalSection(ExtensibilityGlobals) = postSolution
		SolutionGuid = {8328AEAF-C107-4E7E-A40C-238A1711AB1D}
	EndGlobalSection
EndGlobal
